
Microsoft Visual Studio Solution File, Format Version 12.00
# Visual Studio Version 17
VisualStudioVersion = 17.5.002.0
MinimumVisualStudioVersion = 10.0.40219.1
Project("{9A19103F-16F7-4668-BE54-9A1E7A4F7556}") = "Project", "Project\Project.csproj", "{770BE71C-2FE0-4BD5-ACC7-C84A8519B17F}"
EndProject
Project("{9A19103F-16F7-4668-BE54-9A1E7A4F7556}") = "Testing", "Testing\Testing.csproj", "{0E8FE5B1-B385-4146-B7B3-DF4F19F6FE6C}"
EndProject
Global
	GlobalSection(SolutionConfigurationPlatforms) = preSolution
		Debug|Any CPU = Debug|Any CPU
		Release|Any CPU = Release|Any CPU
	EndGlobalSection
	GlobalSection(ProjectConfigurationPlatforms) = postSolution
		{770BE71C-2FE0-4BD5-ACC7-C84A8519B17F}.Debug|Any CPU.ActiveCfg = Debug|Any CPU
		{770BE71C-2FE0-4BD5-ACC7-C84A8519B17F}.Debug|Any CPU.Build.0 = Debug|Any CPU
		{770BE71C-2FE0-4BD5-ACC7-C84A8519B17F}.Release|Any CPU.ActiveCfg = Release|Any CPU
		{770BE71C-2FE0-4BD5-ACC7-C84A8519B17F}.Release|Any CPU.Build.0 = Release|Any CPU
		{0E8FE5B1-B385-4146-B7B3-DF4F19F6FE6C}.Debug|Any CPU.ActiveCfg = Debug|Any CPU
		{0E8FE5B1-B385-4146-B7B3-DF4F19F6FE6C}.Debug|Any CPU.Build.0 = Debug|Any CPU
		{0E8FE5B1-B385-4146-B7B3-DF4F19F6FE6C}.Release|Any CPU.ActiveCfg = Release|Any CPU
		{0E8FE5B1-B385-4146-B7B3-DF4F19F6FE6C}.Release|Any CPU.Build.0 = Release|Any CPU
	EndGlobalSection
	GlobalSection(SolutionProperties) = preSolution
		HideSolutionNode = FALSE
	EndGlobalSection
	GlobalSection(ExtensibilityGlobals) = postSolution
		SolutionGuid = {A3307229-C7C9-4268-999E-B31806850314}
	EndGlobalSection
EndGlobal
